
Microsoft Visual Studio Solution File, Format Version 12.00
# Visual Studio Version 17
VisualStudioVersion = 17.0.31919.166
MinimumVisualStudioVersion = 10.0.40219.1
Project("{FAE04EC0-301F-11D3-BF4B-00C04F79EFBC}") = "cat-detector", "cat-detector.csproj", "{76A398F3-17A0-4189-83EA-DC3E80C60878}"
EndProject
Global
	GlobalSection(SolutionConfigurationPlatforms) = preSolution
		Debug|Any CPU = Debug|Any CPU
		Release|Any CPU = Release|Any CPU
	EndGlobalSection
	GlobalSection(ProjectConfigurationPlatforms) = postSolution
		{76A398F3-17A0-4189-83EA-DC3E80C60878}.Debug|Any CPU.ActiveCfg = Debug|Any CPU
		{76A398F3-17A0-4189-83EA-DC3E80C60878}.Debug|Any CPU.Build.0 = Debug|Any CPU
		{76A398F3-17A0-4189-83EA-DC3E80C60878}.Release|Any CPU.ActiveCfg = Release|Any CPU
		{76A398F3-17A0-4189-83EA-DC3E80C60878}.Release|Any CPU.Build.0 = Release|Any CPU
	EndGlobalSection
	GlobalSection(SolutionProperties) = preSolution
		HideSolutionNode = FALSE
	EndGlobalSection
	GlobalSection(ExtensibilityGlobals) = postSolution
		SolutionGuid = {9AFEC0D8-B0FE-4B34-92F6-7D78FF29044B}
	EndGlobalSection
EndGlobal
